// !$*UTF8*$!
{
	archiveVersion = 1;
	classes = {
	};
	objectVersion = 50;
	objects = {

/* Begin PBXBuildFile section */
		8D123C20225AEE960087E67C /* AppDelegate.swift in Sources */ = {isa = PBXBuildFile; fileRef = 8D123C1F225AEE960087E67C /* AppDelegate.swift */; };
		8D123C22225AEE960087E67C /* FirstViewController.swift in Sources */ = {isa = PBXBuildFile; fileRef = 8D123C21225AEE960087E67C /* FirstViewController.swift */; };
		8D123C27225AEE960087E67C /* Main.storyboard in Resources */ = {isa = PBXBuildFile; fileRef = 8D123C25225AEE960087E67C /* Main.storyboard */; };
		8D123C29225AEE980087E67C /* Assets.xcassets in Resources */ = {isa = PBXBuildFile; fileRef = 8D123C28225AEE980087E67C /* Assets.xcassets */; };
		8D123C2C225AEE980087E67C /* LaunchScreen.storyboard in Resources */ = {isa = PBXBuildFile; fileRef = 8D123C2A225AEE980087E67C /* LaunchScreen.storyboard */; };
		8D123C37225AEE980087E67C /* FinalProj2Tests.swift in Sources */ = {isa = PBXBuildFile; fileRef = 8D123C36225AEE980087E67C /* FinalProj2Tests.swift */; };
		8D123C42225AEE980087E67C /* FinalProj2UITests.swift in Sources */ = {isa = PBXBuildFile; fileRef = 8D123C41225AEE980087E67C /* FinalProj2UITests.swift */; };
		8D1823A42262E9990072972C /* API.swift in Sources */ = {isa = PBXBuildFile; fileRef = 8D1823A32262E9990072972C /* API.swift */; };
/* End PBXBuildFile section */

/* Begin PBXContainerItemProxy section */
		8D123C33225AEE980087E67C /* PBXContainerItemProxy */ = {
			isa = PBXContainerItemProxy;
			containerPortal = 8D123C14225AEE960087E67C /* Project object */;
			proxyType = 1;
			remoteGlobalIDString = 8D123C1B225AEE960087E67C;
			remoteInfo = FinalProj2;
		};
		8D123C3E225AEE980087E67C /* PBXContainerItemProxy */ = {
			isa = PBXContainerItemProxy;
			containerPortal = 8D123C14225AEE960087E67C /* Project object */;
			proxyType = 1;
			remoteGlobalIDString = 8D123C1B225AEE960087E67C;
			remoteInfo = FinalProj2;
		};
/* End PBXContainerItemProxy section */

/* Begin PBXCopyFilesBuildPhase section */
		8D1823C42262EE6F0072972C /* Embed Frameworks */ = {
			isa = PBXCopyFilesBuildPhase;
			buildActionMask = 2147483647;
			dstPath = "";
			dstSubfolderSpec = 10;
			files = (
			);
			name = "Embed Frameworks";
			runOnlyForDeploymentPostprocessing = 0;
		};
/* End PBXCopyFilesBuildPhase section */

/* Begin PBXFileReference section */
		8D123C1C225AEE960087E67C /* FinalProj2.app */ = {isa = PBXFileReference; explicitFileType = wrapper.application; includeInIndex = 0; path = FinalProj2.app; sourceTree = BUILT_PRODUCTS_DIR; };
		8D123C1F225AEE960087E67C /* AppDelegate.swift */ = {isa = PBXFileReference; lastKnownFileType = sourcecode.swift; path = AppDelegate.swift; sourceTree = "<group>"; };
		8D123C21225AEE960087E67C /* FirstViewController.swift */ = {isa = PBXFileReference; lastKnownFileType = sourcecode.swift; path = FirstViewController.swift; sourceTree = "<group>"; };
		8D123C26225AEE960087E67C /* Base */ = {isa = PBXFileReference; lastKnownFileType = file.storyboard; name = Base; path = Base.lproj/Main.storyboard; sourceTree = "<group>"; };
		8D123C28225AEE980087E67C /* Assets.xcassets */ = {isa = PBXFileReference; lastKnownFileType = folder.assetcatalog; path = Assets.xcassets; sourceTree = "<group>"; };
		8D123C2B225AEE980087E67C /* Base */ = {isa = PBXFileReference; lastKnownFileType = file.storyboard; name = Base; path = Base.lproj/LaunchScreen.storyboard; sourceTree = "<group>"; };
		8D123C2D225AEE980087E67C /* Info.plist */ = {isa = PBXFileReference; lastKnownFileType = text.plist.xml; path = Info.plist; sourceTree = "<group>"; };
		8D123C32225AEE980087E67C /* FinalProj2Tests.xctest */ = {isa = PBXFileReference; explicitFileType = wrapper.cfbundle; includeInIndex = 0; path = FinalProj2Tests.xctest; sourceTree = BUILT_PRODUCTS_DIR; };
		8D123C36225AEE980087E67C /* FinalProj2Tests.swift */ = {isa = PBXFileReference; lastKnownFileType = sourcecode.swift; path = FinalProj2Tests.swift; sourceTree = "<group>"; };
		8D123C38225AEE980087E67C /* Info.plist */ = {isa = PBXFileReference; lastKnownFileType = text.plist.xml; path = Info.plist; sourceTree = "<group>"; };
		8D123C3D225AEE980087E67C /* FinalProj2UITests.xctest */ = {isa = PBXFileReference; explicitFileType = wrapper.cfbundle; includeInIndex = 0; path = FinalProj2UITests.xctest; sourceTree = BUILT_PRODUCTS_DIR; };
		8D123C41225AEE980087E67C /* FinalProj2UITests.swift */ = {isa = PBXFileReference; lastKnownFileType = sourcecode.swift; path = FinalProj2UITests.swift; sourceTree = "<group>"; };
		8D123C43225AEE980087E67C /* Info.plist */ = {isa = PBXFileReference; lastKnownFileType = text.plist.xml; path = Info.plist; sourceTree = "<group>"; };
		8D1823A32262E9990072972C /* API.swift */ = {isa = PBXFileReference; lastKnownFileType = sourcecode.swift; path = API.swift; sourceTree = "<group>"; };
/* End PBXFileReference section */

/* Begin PBXFrameworksBuildPhase section */
		8D123C19225AEE960087E67C /* Frameworks */ = {
			isa = PBXFrameworksBuildPhase;
			buildActionMask = 2147483647;
			files = (
			);
			runOnlyForDeploymentPostprocessing = 0;
		};
		8D123C2F225AEE980087E67C /* Frameworks */ = {
			isa = PBXFrameworksBuildPhase;
			buildActionMask = 2147483647;
			files = (
			);
			runOnlyForDeploymentPostprocessing = 0;
		};
		8D123C3A225AEE980087E67C /* Frameworks */ = {
			isa = PBXFrameworksBuildPhase;
			buildActionMask = 2147483647;
			files = (
			);
			runOnlyForDeploymentPostprocessing = 0;
		};
/* End PBXFrameworksBuildPhase section */

/* Begin PBXGroup section */
		8D123C13225AEE960087E67C = {
			isa = PBXGroup;
			children = (
				8D123C1E225AEE960087E67C /* FinalProj2 */,
				8D123C35225AEE980087E67C /* FinalProj2Tests */,
				8D123C40225AEE980087E67C /* FinalProj2UITests */,
				8D123C1D225AEE960087E67C /* Products */,
			);
			sourceTree = "<group>";
		};
		8D123C1D225AEE960087E67C /* Products */ = {
			isa = PBXGroup;
			children = (
				8D123C1C225AEE960087E67C /* FinalProj2.app */,
				8D123C32225AEE980087E67C /* FinalProj2Tests.xctest */,
				8D123C3D225AEE980087E67C /* FinalProj2UITests.xctest */,
			);
			name = Products;
			sourceTree = "<group>";
		};
		8D123C1E225AEE960087E67C /* FinalProj2 */ = {
			isa = PBXGroup;
			children = (
				8D123C1F225AEE960087E67C /* AppDelegate.swift */,
				8D123C21225AEE960087E67C /* FirstViewController.swift */,
				8D1823A32262E9990072972C /* API.swift */,
				8D123C25225AEE960087E67C /* Main.storyboard */,
				8D123C28225AEE980087E67C /* Assets.xcassets */,
				8D123C2A225AEE980087E67C /* LaunchScreen.storyboard */,
				8D123C2D225AEE980087E67C /* Info.plist */,
			);
			path = FinalProj2;
			sourceTree = "<group>";
		};
		8D123C35225AEE980087E67C /* FinalProj2Tests */ = {
			isa = PBXGroup;
			children = (
				8D123C36225AEE980087E67C /* FinalProj2Tests.swift */,
				8D123C38225AEE980087E67C /* Info.plist */,
			);
			path = FinalProj2Tests;
			sourceTree = "<group>";
		};
		8D123C40225AEE980087E67C /* FinalProj2UITests */ = {
			isa = PBXGroup;
			children = (
				8D123C41225AEE980087E67C /* FinalProj2UITests.swift */,
				8D123C43225AEE980087E67C /* Info.plist */,
			);
			path = FinalProj2UITests;
			sourceTree = "<group>";
		};
/* End PBXGroup section */

/* Begin PBXNativeTarget section */
		8D123C1B225AEE960087E67C /* FinalProj2 */ = {
			isa = PBXNativeTarget;
			buildConfigurationList = 8D123C46225AEE980087E67C /* Build configuration list for PBXNativeTarget "FinalProj2" */;
			buildPhases = (
				8D123C18225AEE960087E67C /* Sources */,
				8D123C19225AEE960087E67C /* Frameworks */,
				8D123C1A225AEE960087E67C /* Resources */,
				8D1823C42262EE6F0072972C /* Embed Frameworks */,
			);
			buildRules = (
			);
			dependencies = (
			);
			name = FinalProj2;
			productName = FinalProj2;
			productReference = 8D123C1C225AEE960087E67C /* FinalProj2.app */;
			productType = "com.apple.product-type.application";
		};
		8D123C31225AEE980087E67C /* FinalProj2Tests */ = {
			isa = PBXNativeTarget;
			buildConfigurationList = 8D123C49225AEE980087E67C /* Build configuration list for PBXNativeTarget "FinalProj2Tests" */;
			buildPhases = (
				8D123C2E225AEE980087E67C /* Sources */,
				8D123C2F225AEE980087E67C /* Frameworks */,
				8D123C30225AEE980087E67C /* Resources */,
			);
			buildRules = (
			);
			dependencies = (
				8D123C34225AEE980087E67C /* PBXTargetDependency */,
			);
			name = FinalProj2Tests;
			productName = FinalProj2Tests;
			productReference = 8D123C32225AEE980087E67C /* FinalProj2Tests.xctest */;
			productType = "com.apple.product-type.bundle.unit-test";
		};
		8D123C3C225AEE980087E67C /* FinalProj2UITests */ = {
			isa = PBXNativeTarget;
			buildConfigurationList = 8D123C4C225AEE980087E67C /* Build configuration list for PBXNativeTarget "FinalProj2UITests" */;
			buildPhases = (
				8D123C39225AEE980087E67C /* Sources */,
				8D123C3A225AEE980087E67C /* Frameworks */,
				8D123C3B225AEE980087E67C /* Resources */,
			);
			buildRules = (
			);
			dependencies = (
				8D123C3F225AEE980087E67C /* PBXTargetDependency */,
			);
			name = FinalProj2UITests;
			productName = FinalProj2UITests;
			productReference = 8D123C3D225AEE980087E67C /* FinalProj2UITests.xctest */;
			productType = "com.apple.product-type.bundle.ui-testing";
		};
/* End PBXNativeTarget section */

/* Begin PBXProject section */
		8D123C14225AEE960087E67C /* Project object */ = {
			isa = PBXProject;
			attributes = {
				LastSwiftUpdateCheck = 1010;
				LastUpgradeCheck = 1010;
				ORGANIZATIONNAME = "Guadalupe Madrigal";
				TargetAttributes = {
					8D123C1B225AEE960087E67C = {
						CreatedOnToolsVersion = 10.1;
					};
					8D123C31225AEE980087E67C = {
						CreatedOnToolsVersion = 10.1;
						TestTargetID = 8D123C1B225AEE960087E67C;
					};
					8D123C3C225AEE980087E67C = {
						CreatedOnToolsVersion = 10.1;
						TestTargetID = 8D123C1B225AEE960087E67C;
					};
				};
			};
			buildConfigurationList = 8D123C17225AEE960087E67C /* Build configuration list for PBXProject "FinalProj2" */;
			compatibilityVersion = "Xcode 9.3";
			developmentRegion = en;
			hasScannedForEncodings = 0;
			knownRegions = (
				en,
				Base,
			);
			mainGroup = 8D123C13225AEE960087E67C;
			productRefGroup = 8D123C1D225AEE960087E67C /* Products */;
			projectDirPath = "";
			projectRoot = "";
			targets = (
				8D123C1B225AEE960087E67C /* FinalProj2 */,
				8D123C31225AEE980087E67C /* FinalProj2Tests */,
				8D123C3C225AEE980087E67C /* FinalProj2UITests */,
			);
		};
/* End PBXProject section */

/* Begin PBXResourcesBuildPhase section */
		8D123C1A225AEE960087E67C /* Resources */ = {
			isa = PBXResourcesBuildPhase;
			buildActionMask = 2147483647;
			files = (
				8D123C2C225AEE980087E67C /* LaunchScreen.storyboard in Resources */,
				8D123C29225AEE980087E67C /* Assets.xcassets in Resources */,
				8D123C27225AEE960087E67C /* Main.storyboard in Resources */,
			);
			runOnlyForDeploymentPostprocessing = 0;
		};
		8D123C30225AEE980087E67C /* Resources */ = {
			isa = PBXResourcesBuildPhase;
			buildActionMask = 2147483647;
			files = (
			);
			runOnlyForDeploymentPostprocessing = 0;
		};
		8D123C3B225AEE980087E67C /* Resources */ = {
			isa = PBXResourcesBuildPhase;
			buildActionMask = 2147483647;
			files = (
			);
			runOnlyForDeploymentPostprocessing = 0;
		};
/* End PBXResourcesBuildPhase section */

/* Begin PBXSourcesBuildPhase section */
		8D123C18225AEE960087E67C /* Sources */ = {
			isa = PBXSourcesBuildPhase;
			buildActionMask = 2147483647;
			files = (
				8D123C20225AEE960087E67C /* AppDelegate.swift in Sources */,
				8D1823A42262E9990072972C /* API.swift in Sources */,
				8D123C22225AEE960087E67C /* FirstViewController.swift in Sources */,
			);
			runOnlyForDeploymentPostprocessing = 0;
		};
		8D123C2E225AEE980087E67C /* Sources */ = {
			isa = PBXSourcesBuildPhase;
			buildActionMask = 2147483647;
			files = (
				8D123C37225AEE980087E67C /* FinalProj2Tests.swift in Sources */,
			);
			runOnlyForDeploymentPostprocessing = 0;
		};
		8D123C39225AEE980087E67C /* Sources */ = {
			isa = PBXSourcesBuildPhase;
			buildActionMask = 2147483647;
			files = (
				8D123C42225AEE980087E67C /* FinalProj2UITests.swift in Sources */,
			);
			runOnlyForDeploymentPostprocessing = 0;
		};
/* End PBXSourcesBuildPhase section */

/* Begin PBXTargetDependency section */
		8D123C34225AEE980087E67C /* PBXTargetDependency */ = {
			isa = PBXTargetDependency;
			target = 8D123C1B225AEE960087E67C /* FinalProj2 */;
			targetProxy = 8D123C33225AEE980087E67C /* PBXContainerItemProxy */;
		};
		8D123C3F225AEE980087E67C /* PBXTargetDependency */ = {
			isa = PBXTargetDependency;
			target = 8D123C1B225AEE960087E67C /* FinalProj2 */;
			targetProxy = 8D123C3E225AEE980087E67C /* PBXContainerItemProxy */;
		};
/* End PBXTargetDependency section */

/* Begin PBXVariantGroup section */
		8D123C25225AEE960087E67C /* Main.storyboard */ = {
			isa = PBXVariantGroup;
			children = (
				8D123C26225AEE960087E67C /* Base */,
			);
			name = Main.storyboard;
			sourceTree = "<group>";
		};
		8D123C2A225AEE980087E67C /* LaunchScreen.storyboard */ = {
			isa = PBXVariantGroup;
			children = (
				8D123C2B225AEE980087E67C /* Base */,
			);
			name = LaunchScreen.storyboard;
			sourceTree = "<group>";
		};
/* End PBXVariantGroup section */

/* Begin XCBuildConfiguration section */
		8D123C44225AEE980087E67C /* Debug */ = {
			isa = XCBuildConfiguration;
			buildSettings = {
				ALWAYS_SEARCH_USER_PATHS = NO;
				CLANG_ANALYZER_NONNULL = YES;
				CLANG_ANALYZER_NUMBER_OBJECT_CONVERSION = YES_AGGRESSIVE;
				CLANG_CXX_LANGUAGE_STANDARD = "gnu++14";
				CLANG_CXX_LIBRARY = "libc++";
				CLANG_ENABLE_MODULES = YES;
				CLANG_ENABLE_OBJC_ARC = YES;
				CLANG_ENABLE_OBJC_WEAK = YES;
				CLANG_WARN_BLOCK_CAPTURE_AUTORELEASING = YES;
				CLANG_WARN_BOOL_CONVERSION = YES;
				CLANG_WARN_COMMA = YES;
				CLANG_WARN_CONSTANT_CONVERSION = YES;
				CLANG_WARN_DEPRECATED_OBJC_IMPLEMENTATIONS = YES;
				CLANG_WARN_DIRECT_OBJC_ISA_USAGE = YES_ERROR;
				CLANG_WARN_DOCUMENTATION_COMMENTS = YES;
				CLANG_WARN_EMPTY_BODY = YES;
				CLANG_WARN_ENUM_CONVERSION = YES;
				CLANG_WARN_INFINITE_RECURSION = YES;
				CLANG_WARN_INT_CONVERSION = YES;
				CLANG_WARN_NON_LITERAL_NULL_CONVERSION = YES;
				CLANG_WARN_OBJC_IMPLICIT_RETAIN_SELF = YES;
				CLANG_WARN_OBJC_LITERAL_CONVERSION = YES;
				CLANG_WARN_OBJC_ROOT_CLASS = YES_ERROR;
				CLANG_WARN_RANGE_LOOP_ANALYSIS = YES;
				CLANG_WARN_STRICT_PROTOTYPES = YES;
				CLANG_WARN_SUSPICIOUS_MOVE = YES;
				CLANG_WARN_UNGUARDED_AVAILABILITY = YES_AGGRESSIVE;
				CLANG_WARN_UNREACHABLE_CODE = YES;
				CLANG_WARN__DUPLICATE_METHOD_MATCH = YES;
				CODE_SIGN_IDENTITY = "iPhone Developer";
				COPY_PHASE_STRIP = NO;
				DEBUG_INFORMATION_FORMAT = dwarf;
				ENABLE_STRICT_OBJC_MSGSEND = YES;
				ENABLE_TESTABILITY = YES;
				GCC_C_LANGUAGE_STANDARD = gnu11;
				GCC_DYNAMIC_NO_PIC = NO;
				GCC_NO_COMMON_BLOCKS = YES;
				GCC_OPTIMIZATION_LEVEL = 0;
				GCC_PREPROCESSOR_DEFINITIONS = (
					"DEBUG=1",
					"$(inherited)",
				);
				GCC_WARN_64_TO_32_BIT_CONVERSION = YES;
				GCC_WARN_ABOUT_RETURN_TYPE = YES_ERROR;
				GCC_WARN_UNDECLARED_SELECTOR = YES;
				GCC_WARN_UNINITIALIZED_AUTOS = YES_AGGRESSIVE;
				GCC_WARN_UNUSED_FUNCTION = YES;
				GCC_WARN_UNUSED_VARIABLE = YES;
				IPHONEOS_DEPLOYMENT_TARGET = 12.1;
				MTL_ENABLE_DEBUG_INFO = INCLUDE_SOURCE;
				MTL_FAST_MATH = YES;
				ONLY_ACTIVE_ARCH = YES;
				SDKROOT = iphoneos;
				SWIFT_ACTIVE_COMPILATION_CONDITIONS = DEBUG;
				SWIFT_OPTIMIZATION_LEVEL = "-Onone";
			};
			name = Debug;
		};
		8D123C45225AEE980087E67C /* Release */ = {
			isa = XCBuildConfiguration;
			buildSettings = {
				ALWAYS_SEARCH_USER_PATHS = NO;
				CLANG_ANALYZER_NONNULL = YES;
				CLANG_ANALYZER_NUMBER_OBJECT_CONVERSION = YES_AGGRESSIVE;
				CLANG_CXX_LANGUAGE_STANDARD = "gnu++14";
				CLANG_CXX_LIBRARY = "libc++";
				CLANG_ENABLE_MODULES = YES;
				CLANG_ENABLE_OBJC_ARC = YES;
				CLANG_ENABLE_OBJC_WEAK = YES;
				CLANG_WARN_BLOCK_CAPTURE_AUTORELEASING = YES;
				CLANG_WARN_BOOL_CONVERSION = YES;
				CLANG_WARN_COMMA = YES;
				CLANG_WARN_CONSTANT_CONVERSION = YES;
				CLANG_WARN_DEPRECATED_OBJC_IMPLEMENTATIONS = YES;
				CLANG_WARN_DIRECT_OBJC_ISA_USAGE = YES_ERROR;
				CLANG_WARN_DOCUMENTATION_COMMENTS = YES;
				CLANG_WARN_EMPTY_BODY = YES;
				CLANG_WARN_ENUM_CONVERSION = YES;
				CLANG_WARN_INFINITE_RECURSION = YES;
				CLANG_WARN_INT_CONVERSION = YES;
				CLANG_WARN_NON_LITERAL_NULL_CONVERSION = YES;
				CLANG_WARN_OBJC_IMPLICIT_RETAIN_SELF = YES;
				CLANG_WARN_OBJC_LITERAL_CONVERSION = YES;
				CLANG_WARN_OBJC_ROOT_CLASS = YES_ERROR;
				CLANG_WARN_RANGE_LOOP_ANALYSIS = YES;
				CLANG_WARN_STRICT_PROTOTYPES = YES;
				CLANG_WARN_SUSPICIOUS_MOVE = YES;
				CLANG_WARN_UNGUARDED_AVAILABILITY = YES_AGGRESSIVE;
				CLANG_WARN_UNREACHABLE_CODE = YES;
				CLANG_WARN__DUPLICATE_METHOD_MATCH = YES;
				CODE_SIGN_IDENTITY = "iPhone Developer";
				COPY_PHASE_STRIP = NO;
				DEBUG_INFORMATION_FORMAT = "dwarf-with-dsym";
				ENABLE_NS_ASSERTIONS = NO;
				ENABLE_STRICT_OBJC_MSGSEND = YES;
				GCC_C_LANGUAGE_STANDARD = gnu11;
				GCC_NO_COMMON_BLOCKS = YES;
				GCC_WARN_64_TO_32_BIT_CONVERSION = YES;
				GCC_WARN_ABOUT_RETURN_TYPE = YES_ERROR;
				GCC_WARN_UNDECLARED_SELECTOR = YES;
				GCC_WARN_UNINITIALIZED_AUTOS = YES_AGGRESSIVE;
				GCC_WARN_UNUSED_FUNCTION = YES;
				GCC_WARN_UNUSED_VARIABLE = YES;
				IPHONEOS_DEPLOYMENT_TARGET = 12.1;
				MTL_ENABLE_DEBUG_INFO = NO;
				MTL_FAST_MATH = YES;
				SDKROOT = iphoneos;
				SWIFT_COMPILATION_MODE = wholemodule;
				SWIFT_OPTIMIZATION_LEVEL = "-O";
				VALIDATE_PRODUCT = YES;
			};
			name = Release;
		};
		8D123C47225AEE980087E67C /* Debug */ = {
			isa = XCBuildConfiguration;
			buildSettings = {
				ALWAYS_EMBED_SWIFT_STANDARD_LIBRARIES = YES;
				ASSETCATALOG_COMPILER_APPICON_NAME = AppIcon;
				CODE_SIGN_STYLE = Automatic;
				INFOPLIST_FILE = FinalProj2/Info.plist;
				LD_RUNPATH_SEARCH_PATHS = (
					"$(inherited)",
					"@executable_path/Frameworks",
				);
				PRODUCT_BUNDLE_IDENTIFIER = gmadrigal.cogswell.FinalProj2;
				PRODUCT_NAME = "$(TARGET_NAME)";
				SWIFT_VERSION = 4.2;
				TARGETED_DEVICE_FAMILY = "1,2";
			};
			name = Debug;
		};
		8D123C48225AEE980087E67C /* Release */ = {
			isa = XCBuildConfiguration;
			buildSettings = {
				ALWAYS_EMBED_SWIFT_STANDARD_LIBRARIES = YES;
				ASSETCATALOG_COMPILER_APPICON_NAME = AppIcon;
				CODE_SIGN_STYLE = Automatic;
				INFOPLIST_FILE = FinalProj2/Info.plist;
				LD_RUNPATH_SEARCH_PATHS = (
					"$(inherited)",
					"@executable_path/Frameworks",
				);
				PRODUCT_BUNDLE_IDENTIFIER = gmadrigal.cogswell.FinalProj2;
				PRODUCT_NAME = "$(TARGET_NAME)";
				SWIFT_VERSION = 4.2;
				TARGETED_DEVICE_FAMILY = "1,2";
			};
			name = Release;
		};
		8D123C4A225AEE980087E67C /* Debug */ = {
			isa = XCBuildConfiguration;
			buildSettings = {
				ALWAYS_EMBED_SWIFT_STANDARD_LIBRARIES = YES;
				BUNDLE_LOADER = "$(TEST_HOST)";
				CODE_SIGN_STYLE = Automatic;
				INFOPLIST_FILE = FinalProj2Tests/Info.plist;
				LD_RUNPATH_SEARCH_PATHS = (
					"$(inherited)",
					"@executable_path/Frameworks",
					"@loader_path/Frameworks",
				);
				PRODUCT_BUNDLE_IDENTIFIER = gmadrigal.cogswell.FinalProj2Tests;
				PRODUCT_NAME = "$(TARGET_NAME)";
				SWIFT_VERSION = 4.2;
				TARGETED_DEVICE_FAMILY = "1,2";
				TEST_HOST = "$(BUILT_PRODUCTS_DIR)/FinalProj2.app/FinalProj2";
			};
			name = Debug;
		};
		8D123C4B225AEE980087E67C /* Release */ = {
			isa = XCBuildConfiguration;
			buildSettings = {
				ALWAYS_EMBED_SWIFT_STANDARD_LIBRARIES = YES;
				BUNDLE_LOADER = "$(TEST_HOST)";
				CODE_SIGN_STYLE = Automatic;
				INFOPLIST_FILE = FinalProj2Tests/Info.plist;
				LD_RUNPATH_SEARCH_PATHS = (
					"$(inherited)",
					"@executable_path/Frameworks",
					"@loader_path/Frameworks",
				);
				PRODUCT_BUNDLE_IDENTIFIER = gmadrigal.cogswell.FinalProj2Tests;
				PRODUCT_NAME = "$(TARGET_NAME)";
				SWIFT_VERSION = 4.2;
				TARGETED_DEVICE_FAMILY = "1,2";
				TEST_HOST = "$(BUILT_PRODUCTS_DIR)/FinalProj2.app/FinalProj2";
			};
			name = Release;
		};
		8D123C4D225AEE980087E67C /* Debug */ = {
			isa = XCBuildConfiguration;
			buildSettings = {
				ALWAYS_EMBED_SWIFT_STANDARD_LIBRARIES = YES;
				CODE_SIGN_STYLE = Automatic;
				INFOPLIST_FILE = FinalProj2UITests/Info.plist;
				LD_RUNPATH_SEARCH_PATHS = (
					"$(inherited)",
					"@executable_path/Frameworks",
					"@loader_path/Frameworks",
				);
				PRODUCT_BUNDLE_IDENTIFIER = gmadrigal.cogswell.FinalProj2UITests;
				PRODUCT_NAME = "$(TARGET_NAME)";
				SWIFT_VERSION = 4.2;
				TARGETED_DEVICE_FAMILY = "1,2";
				TEST_TARGET_NAME = FinalProj2;
			};
			name = Debug;
		};
		8D123C4E225AEE980087E67C /* Release */ = {
			isa = XCBuildConfiguration;
			buildSettings = {
				ALWAYS_EMBED_SWIFT_STANDARD_LIBRARIES = YES;
				CODE_SIGN_STYLE = Automatic;
				INFOPLIST_FILE = FinalProj2UITests/Info.plist;
				LD_RUNPATH_SEARCH_PATHS = (
					"$(inherited)",
					"@executable_path/Frameworks",
					"@loader_path/Frameworks",
				);
				PRODUCT_BUNDLE_IDENTIFIER = gmadrigal.cogswell.FinalProj2UITests;
				PRODUCT_NAME = "$(TARGET_NAME)";
				SWIFT_VERSION = 4.2;
				TARGETED_DEVICE_FAMILY = "1,2";
				TEST_TARGET_NAME = FinalProj2;
			};
			name = Release;
		};
/* End XCBuildConfiguration section */

/* Begin XCConfigurationList section */
		8D123C17225AEE960087E67C /* Build configuration list for PBXProject "FinalProj2" */ = {
			isa = XCConfigurationList;
			buildConfigurations = (
				8D123C44225AEE980087E67C /* Debug */,
				8D123C45225AEE980087E67C /* Release */,
			);
			defaultConfigurationIsVisible = 0;
			defaultConfigurationName = Release;
		};
		8D123C46225AEE980087E67C /* Build configuration list for PBXNativeTarget "FinalProj2" */ = {
			isa = XCConfigurationList;
			buildConfigurations = (
				8D123C47225AEE980087E67C /* Debug */,
				8D123C48225AEE980087E67C /* Release */,
			);
			defaultConfigurationIsVisible = 0;
			defaultConfigurationName = Release;
		};
		8D123C49225AEE980087E67C /* Build configuration list for PBXNativeTarget "FinalProj2Tests" */ = {
			isa = XCConfigurationList;
			buildConfigurations = (
				8D123C4A225AEE980087E67C /* Debug */,
				8D123C4B225AEE980087E67C /* Release */,
			);
			defaultConfigurationIsVisible = 0;
			defaultConfigurationName = Release;
		};
		8D123C4C225AEE980087E67C /* Build configuration list for PBXNativeTarget "FinalProj2UITests" */ = {
			isa = XCConfigurationList;
			buildConfigurations = (
				8D123C4D225AEE980087E67C /* Debug */,
				8D123C4E225AEE980087E67C /* Release */,
			);
			defaultConfigurationIsVisible = 0;
			defaultConfigurationName = Release;
		};
/* End XCConfigurationList section */
	};
	rootObject = 8D123C14225AEE960087E67C /* Project object */;
}
